<?xml version="1.0" encoding="utf-8"?>
<Project ToolsVersion="4.0" xmlns="http://schemas.microsoft.com/developer/msbuild/2003">
  <ItemGroup>
    <Filter Include="General">
      <UniqueIdentifier>{4FC737F1-C7A5-4376-A066-2A32D752A2FF}</UniqueIdentifier>
      <Extensions>cpp;c;cc;cxx;def;odl;idl;hpj;bat;asm;asmx</Extensions>
    </Filter>
    <Filter Include="Shaders">
      <UniqueIdentifier>{e23c0ae8-3cdd-429b-b0d2-7ee0cae33d07}</UniqueIdentifier>
    </Filter>
    <Filter Include="Executable">
      <UniqueIdentifier>{b6be707c-c495-4a61-b6ad-c0fa1addbf18}</UniqueIdentifier>
    </Filter>
    <Filter Include="Materials">
      <UniqueIdentifier>{10e2513c-1acf-485b-8d91-bfb6457f4ac0}</UniqueIdentifier>
    </Filter>
    <Filter Include="Game States">
      <UniqueIdentifier>{2a0da71e-fb23-42e6-940e-396b0a3e32b7}</UniqueIdentifier>
    </Filter>
    <Filter Include="Cameras">
      <UniqueIdentifier>{36c9e488-a35a-4d02-8e10-03384c263e35}</UniqueIdentifier>
    </Filter>
    <Filter Include="World">
      <UniqueIdentifier>{c1a7953a-4967-4b03-aec7-f77944c895ae}</UniqueIdentifier>
    </Filter>
    <Filter Include="World\Definitions">
      <UniqueIdentifier>{672e82a8-db83-4403-8e75-2a7d48aec488}</UniqueIdentifier>
    </Filter>
  </ItemGroup>
  <ItemGroup>
    <ClCompile Include="Main_Win32.cpp">
      <Filter>General</Filter>
    </ClCompile>
    <ClCompile Include="theGame.cpp">
      <Filter>General</Filter>
    </ClCompile>
    <ClCompile Include="theApp.cpp">
      <Filter>General</Filter>
    </ClCompile>
    <ClCompile Include="GameCommon.cpp">
      <Filter>General</Filter>
    </ClCompile>
    <ClCompile Include="Game States\Attract.cpp">
      <Filter>Game States</Filter>
    </ClCompile>
    <ClCompile Include="Game States\LevelSelect.cpp">
      <Filter>Game States</Filter>
    </ClCompile>
    <ClCompile Include="Game States\GameState.cpp">
      <Filter>Game States</Filter>
    </ClCompile>
    <ClCompile Include="Cameras\MCamera.cpp">
      <Filter>Cameras</Filter>
    </ClCompile>
    <ClCompile Include="Game States\MinecraftWorld.cpp">
      <Filter>Game States</Filter>
    </ClCompile>
    <ClCompile Include="World\World.cpp">
      <Filter>World</Filter>
    </ClCompile>
    <ClCompile Include="World\Block.cpp">
      <Filter>World</Filter>
    </ClCompile>
    <ClCompile Include="World\Chunk.cpp">
      <Filter>World</Filter>
    </ClCompile>
    <ClCompile Include="World\BlockDefinition.cpp">
      <Filter>World\Definitions</Filter>
    </ClCompile>
  </ItemGroup>
  <ItemGroup>
    <ClInclude Include="theGame.hpp">
      <Filter>General</Filter>
    </ClInclude>
    <ClInclude Include="theApp.hpp">
      <Filter>General</Filter>
    </ClInclude>
    <ClInclude Include="GameCommon.hpp">
      <Filter>General</Filter>
    </ClInclude>
    <ClInclude Include="EngineBuildPreferences.hpp">
      <Filter>General</Filter>
    </ClInclude>
    <ClInclude Include="Game States\Attract.hpp">
      <Filter>Game States</Filter>
    </ClInclude>
    <ClInclude Include="Game States\LevelSelect.hpp">
      <Filter>Game States</Filter>
    </ClInclude>
    <ClInclude Include="Game States\GameState.hpp">
      <Filter>Game States</Filter>
    </ClInclude>
    <ClInclude Include="Cameras\MCamera.hpp">
      <Filter>Cameras</Filter>
    </ClInclude>
    <ClInclude Include="Game States\MinecraftWorld.hpp">
      <Filter>Game States</Filter>
    </ClInclude>
    <ClInclude Include="World\World.hpp">
      <Filter>World</Filter>
    </ClInclude>
    <ClInclude Include="World\Block.hpp">
      <Filter>World</Filter>
    </ClInclude>
    <ClInclude Include="World\Chunk.hpp">
      <Filter>World</Filter>
    </ClInclude>
    <ClInclude Include="World\BlockDefinition.hpp">
      <Filter>World\Definitions</Filter>
    </ClInclude>
  </ItemGroup>
  <ItemGroup>
    <None Include="..\..\Run_win32\Data\Shaders\default.fs">
      <Filter>Shaders</Filter>
    </None>
    <None Include="..\..\Run_win32\Data\Shaders\default.vs">
      <Filter>Shaders</Filter>
    </None>
    <None Include="..\..\Run_win32\Data\Shaders\lit.fs">
      <Filter>Shaders</Filter>
    </None>
    <None Include="..\..\Run_win32\Data\Shaders\lit.shader">
      <Filter>Shaders</Filter>
    </None>
    <None Include="..\..\Run_win32\Data\Shaders\lit.vs">
      <Filter>Shaders</Filter>
    </None>
    <None Include="..\..\Run_win32\Protogame.exe">
      <Filter>Executable</Filter>
    </None>
    <None Include="..\..\Run_win32\Data\Materials\default.material">
      <Filter>Materials</Filter>
    </None>
    <None Include="..\..\Run_win32\Data\Materials\pickbuffer.material">
      <Filter>Materials</Filter>
    </None>
    <None Include="..\..\Run_win32\Data\Materials\bb8.material">
      <Filter>Materials</Filter>
    </None>
    <None Include="..\..\Run_win32\Data\Materials\terrain_grass.material">
      <Filter>Materials</Filter>
    </None>
    <None Include="..\..\Run_win32\Data\Materials\terrain_gridlines.material">
      <Filter>Materials</Filter>
    </None>
    <None Include="..\..\Run_win32\Data\Materials\ship.material">
      <Filter>Materials</Filter>
    </None>
    <None Include="..\..\Run_win32\Data\Materials\snow_miku_a.material">
      <Filter>Materials</Filter>
    </None>
    <None Include="..\..\Run_win32\Data\Materials\snow_miku_body.material">
      <Filter>Materials</Filter>
    </None>
    <None Include="..\..\Run_win32\Data\Materials\snow_miku_lambert.material">
      <Filter>Materials</Filter>
    </None>
  </ItemGroup>
  <ItemGroup>
    <Text Include="..\..\Run_win32\Data\Shaders\default.shader">
      <Filter>Shaders</Filter>
    </Text>
  </ItemGroup>
</Project>