<?xml version="1.0" encoding="utf-8"?>
<Project ToolsVersion="4.0" xmlns="http://schemas.microsoft.com/developer/msbuild/2003">
  <ItemGroup>
    <Filter Include="General">
      <UniqueIdentifier>{4FC737F1-C7A5-4376-A066-2A32D752A2FF}</UniqueIdentifier>
      <Extensions>cpp;c;cc;cxx;def;odl;idl;hpj;bat;asm;asmx</Extensions>
    </Filter>
    <Filter Include="Shaders">
      <UniqueIdentifier>{e23c0ae8-3cdd-429b-b0d2-7ee0cae33d07}</UniqueIdentifier>
    </Filter>
    <Filter Include="Executable">
      <UniqueIdentifier>{b6be707c-c495-4a61-b6ad-c0fa1addbf18}</UniqueIdentifier>
    </Filter>
    <Filter Include="Materials">
      <UniqueIdentifier>{10e2513c-1acf-485b-8d91-bfb6457f4ac0}</UniqueIdentifier>
    </Filter>
    <Filter Include="Abstract Classes">
      <UniqueIdentifier>{baa9b867-021f-45a9-aa32-24f1bc5d554e}</UniqueIdentifier>
    </Filter>
    <Filter Include="Game States">
      <UniqueIdentifier>{2a0da71e-fb23-42e6-940e-396b0a3e32b7}</UniqueIdentifier>
    </Filter>
    <Filter Include="World">
      <UniqueIdentifier>{89c136ec-ef1b-4b81-9238-ce5fce072008}</UniqueIdentifier>
    </Filter>
    <Filter Include="Camera System">
      <UniqueIdentifier>{9b2525ea-9641-42a5-8200-f0d14e714844}</UniqueIdentifier>
    </Filter>
    <Filter Include="Camera System\CameraBehaviours">
      <UniqueIdentifier>{4579e831-70ce-41ac-a6c4-ebbcddcbc309}</UniqueIdentifier>
    </Filter>
    <Filter Include="Camera System\CameraConstrains">
      <UniqueIdentifier>{1fe26ba9-ee86-4c41-b4dc-7e0c53804464}</UniqueIdentifier>
    </Filter>
    <Filter Include="Camera System\MotionControllers">
      <UniqueIdentifier>{726a2a86-c517-4d77-8d08-f84c75d4e081}</UniqueIdentifier>
    </Filter>
  </ItemGroup>
  <ItemGroup>
    <ClCompile Include="Main_Win32.cpp">
      <Filter>General</Filter>
    </ClCompile>
    <ClCompile Include="theGame.cpp">
      <Filter>General</Filter>
    </ClCompile>
    <ClCompile Include="theApp.cpp">
      <Filter>General</Filter>
    </ClCompile>
    <ClCompile Include="GameCommon.cpp">
      <Filter>General</Filter>
    </ClCompile>
    <ClCompile Include="Abstract Classes\GameState.cpp">
      <Filter>Abstract Classes</Filter>
    </ClCompile>
    <ClCompile Include="Game States\Attract.cpp">
      <Filter>Game States</Filter>
    </ClCompile>
    <ClCompile Include="Game States\LevelSelect.cpp">
      <Filter>Game States</Filter>
    </ClCompile>
    <ClCompile Include="Game States\Scene_QuaternionsTest.cpp">
      <Filter>Game States</Filter>
    </ClCompile>
    <ClCompile Include="World\Terrain.cpp">
      <Filter>World</Filter>
    </ClCompile>
    <ClCompile Include="World\Player.cpp">
      <Filter>World</Filter>
    </ClCompile>
    <ClCompile Include="World\Building.cpp">
      <Filter>World</Filter>
    </ClCompile>
    <ClCompile Include="World\House.cpp">
      <Filter>World</Filter>
    </ClCompile>
    <ClCompile Include="Camera System\Camera Behaviours\CB_DegreesOfFreedom.cpp">
      <Filter>Camera System\CameraBehaviours</Filter>
    </ClCompile>
    <ClCompile Include="Camera System\Camera Behaviours\CB_Follow.cpp">
      <Filter>Camera System\CameraBehaviours</Filter>
    </ClCompile>
    <ClCompile Include="Camera System\Camera Behaviours\CB_FreeLook.cpp">
      <Filter>Camera System\CameraBehaviours</Filter>
    </ClCompile>
    <ClCompile Include="Camera System\Motion Controllers\CMC_ProportionalController.cpp">
      <Filter>Camera System\MotionControllers</Filter>
    </ClCompile>
    <ClCompile Include="Camera System\DebugCamera.cpp">
      <Filter>Camera System</Filter>
    </ClCompile>
    <ClCompile Include="Game States\Scene_ProtoScene3D.cpp">
      <Filter>Game States</Filter>
    </ClCompile>
    <ClCompile Include="Game States\Scene_StopwatchTest.cpp">
      <Filter>Game States</Filter>
    </ClCompile>
  </ItemGroup>
  <ItemGroup>
    <ClInclude Include="theGame.hpp">
      <Filter>General</Filter>
    </ClInclude>
    <ClInclude Include="theApp.hpp">
      <Filter>General</Filter>
    </ClInclude>
    <ClInclude Include="GameCommon.hpp">
      <Filter>General</Filter>
    </ClInclude>
    <ClInclude Include="EngineBuildPreferences.hpp">
      <Filter>General</Filter>
    </ClInclude>
    <ClInclude Include="Abstract Classes\GameState.hpp">
      <Filter>Abstract Classes</Filter>
    </ClInclude>
    <ClInclude Include="Game States\Attract.hpp">
      <Filter>Game States</Filter>
    </ClInclude>
    <ClInclude Include="Game States\LevelSelect.hpp">
      <Filter>Game States</Filter>
    </ClInclude>
    <ClInclude Include="Game States\Scene_QuaternionsTest.hpp">
      <Filter>Game States</Filter>
    </ClInclude>
    <ClInclude Include="World\Terrain.hpp">
      <Filter>World</Filter>
    </ClInclude>
    <ClInclude Include="World\Player.hpp">
      <Filter>World</Filter>
    </ClInclude>
    <ClInclude Include="World\Building.hpp">
      <Filter>World</Filter>
    </ClInclude>
    <ClInclude Include="World\House.hpp">
      <Filter>World</Filter>
    </ClInclude>
    <ClInclude Include="Camera System\Camera Behaviours\CB_DegreesOfFreedom.hpp">
      <Filter>Camera System\CameraBehaviours</Filter>
    </ClInclude>
    <ClInclude Include="Camera System\Camera Behaviours\CB_Follow.hpp">
      <Filter>Camera System\CameraBehaviours</Filter>
    </ClInclude>
    <ClInclude Include="Camera System\Camera Behaviours\CB_FreeLook.hpp">
      <Filter>Camera System\CameraBehaviours</Filter>
    </ClInclude>
    <ClInclude Include="Camera System\Motion Controllers\CMC_ProportionalController.hpp">
      <Filter>Camera System\MotionControllers</Filter>
    </ClInclude>
    <ClInclude Include="Camera System\DebugCamera.hpp">
      <Filter>Camera System</Filter>
    </ClInclude>
    <ClInclude Include="Game States\Scene_ProtoScene3D.hpp">
      <Filter>Game States</Filter>
    </ClInclude>
    <ClInclude Include="Game States\Scene_StopwatchTest.hpp">
      <Filter>Game States</Filter>
    </ClInclude>
  </ItemGroup>
  <ItemGroup>
    <None Include="..\..\Run_win32\Data\Shaders\default.fs">
      <Filter>Shaders</Filter>
    </None>
    <None Include="..\..\Run_win32\Data\Shaders\default.vs">
      <Filter>Shaders</Filter>
    </None>
    <None Include="..\..\Run_win32\Data\Shaders\debug.fs">
      <Filter>Shaders</Filter>
    </None>
    <None Include="..\..\Run_win32\Data\Shaders\debug.shader">
      <Filter>Shaders</Filter>
    </None>
    <None Include="..\..\Run_win32\Data\Shaders\debug.vs">
      <Filter>Shaders</Filter>
    </None>
    <None Include="..\..\Run_win32\Data\Shaders\lit.fs">
      <Filter>Shaders</Filter>
    </None>
    <None Include="..\..\Run_win32\Data\Shaders\lit.shader">
      <Filter>Shaders</Filter>
    </None>
    <None Include="..\..\Run_win32\Data\Shaders\lit.vs">
      <Filter>Shaders</Filter>
    </None>
    <None Include="..\..\Run_win32\Data\Shaders\lit_debug_bitangent.shader">
      <Filter>Shaders</Filter>
    </None>
    <None Include="..\..\Run_win32\Data\Shaders\lit_debug_normal.shader">
      <Filter>Shaders</Filter>
    </None>
    <None Include="..\..\Run_win32\Data\Shaders\lit_debug_tangent.shader">
      <Filter>Shaders</Filter>
    </None>
    <None Include="..\..\Run_win32\Data\Shaders\lit_debug_uv.shader">
      <Filter>Shaders</Filter>
    </None>
    <None Include="..\..\Run_win32\Data\Shaders\lit_xray_normals.shader">
      <Filter>Shaders</Filter>
    </None>
    <None Include="..\..\Run_win32\Protogame.exe">
      <Filter>Executable</Filter>
    </None>
    <None Include="..\..\Run_win32\Data\Shaders\bloom_fs.fs">
      <Filter>Shaders</Filter>
    </None>
    <None Include="..\..\Run_win32\Data\Shaders\bloom_fs.shader">
      <Filter>Shaders</Filter>
    </None>
    <None Include="..\..\Run_win32\Data\Shaders\bloom_fs.vs">
      <Filter>Shaders</Filter>
    </None>
    <None Include="..\..\Run_win32\Data\Shaders\combine_fs.fs">
      <Filter>Shaders</Filter>
    </None>
    <None Include="..\..\Run_win32\Data\Shaders\combine_fs.shader">
      <Filter>Shaders</Filter>
    </None>
    <None Include="..\..\Run_win32\Data\Shaders\combine_fs.vs">
      <Filter>Shaders</Filter>
    </None>
    <None Include="..\..\Run_win32\Data\Shaders\lit_alpha.shader">
      <Filter>Shaders</Filter>
    </None>
    <None Include="..\..\Run_win32\Data\Materials\default.material">
      <Filter>Materials</Filter>
    </None>
    <None Include="..\..\Run_win32\Data\Shaders\skybox.fs">
      <Filter>Shaders</Filter>
    </None>
    <None Include="..\..\Run_win32\Data\Shaders\skybox.shader">
      <Filter>Shaders</Filter>
    </None>
    <None Include="..\..\Run_win32\Data\Shaders\skybox.vs">
      <Filter>Shaders</Filter>
    </None>
    <None Include="..\..\Run_win32\Data\Materials\Block_Brick Red.material">
      <Filter>Materials</Filter>
    </None>
    <None Include="..\..\Run_win32\Data\Materials\Block_Grass.material">
      <Filter>Materials</Filter>
    </None>
    <None Include="..\..\Run_win32\Data\Materials\Block_Void.material">
      <Filter>Materials</Filter>
    </None>
    <None Include="..\..\Run_win32\Data\Materials\Block_Water.material">
      <Filter>Materials</Filter>
    </None>
    <None Include="..\..\Run_win32\Data\Materials\pickbuffer.material">
      <Filter>Materials</Filter>
    </None>
    <None Include="..\..\Run_win32\Data\Shaders\pickbuffer.shader">
      <Filter>Shaders</Filter>
    </None>
    <None Include="..\..\Run_win32\Data\Shaders\pickbuffer.fs">
      <Filter>Shaders</Filter>
    </None>
    <None Include="..\..\Run_win32\Data\Shaders\pickbuffer.vs">
      <Filter>Shaders</Filter>
    </None>
    <None Include="..\..\Run_win32\Data\Materials\bb8.material">
      <Filter>Materials</Filter>
    </None>
    <None Include="..\..\Run_win32\Data\Materials\Block_Finish.material">
      <Filter>Materials</Filter>
    </None>
    <None Include="..\..\Run_win32\Data\Materials\Block_Stairs.material">
      <Filter>Materials</Filter>
    </None>
    <None Include="..\..\Run_win32\Data\Materials\Block_Metal.material">
      <Filter>Materials</Filter>
    </None>
    <None Include="..\..\Run_win32\Data\Materials\terrain.material">
      <Filter>Materials</Filter>
    </None>
    <None Include="..\..\Run_win32\Data\Materials\building.material">
      <Filter>Materials</Filter>
    </None>
    <None Include="..\..\Run_win32\Data\Materials\terrain_grass.material">
      <Filter>Materials</Filter>
    </None>
    <None Include="..\..\Run_win32\Data\Materials\terrain_gridlines.material">
      <Filter>Materials</Filter>
    </None>
    <None Include="..\..\Run_win32\Data\Shaders\deapth_only.fs">
      <Filter>Shaders</Filter>
    </None>
    <None Include="..\..\Run_win32\Data\Shaders\deapth_only.shader">
      <Filter>Shaders</Filter>
    </None>
    <None Include="..\..\Run_win32\Data\Shaders\deapth_only.vs">
      <Filter>Shaders</Filter>
    </None>
    <None Include="..\..\Run_win32\Data\Shaders\lit_cull_none.shader">
      <Filter>Shaders</Filter>
    </None>
  </ItemGroup>
  <ItemGroup>
    <Text Include="..\..\Run_win32\Data\Shaders\default.shader">
      <Filter>Shaders</Filter>
    </Text>
  </ItemGroup>
</Project>