<?xml version="1.0" encoding="utf-8"?>
<Project ToolsVersion="4.0" xmlns="http://schemas.microsoft.com/developer/msbuild/2003">
  <ItemGroup>
    <Filter Include="General">
      <UniqueIdentifier>{4FC737F1-C7A5-4376-A066-2A32D752A2FF}</UniqueIdentifier>
      <Extensions>cpp;c;cc;cxx;def;odl;idl;hpj;bat;asm;asmx</Extensions>
    </Filter>
  </ItemGroup>
  <ItemGroup>
    <ClCompile Include="Main_Win32.cpp">
      <Filter>General</Filter>
    </ClCompile>
    <ClCompile Include="theGame.cpp">
      <Filter>General</Filter>
    </ClCompile>
    <ClCompile Include="Entity.cpp">
      <Filter>General</Filter>
    </ClCompile>
    <ClCompile Include="theApp.cpp">
      <Filter>General</Filter>
    </ClCompile>
    <ClCompile Include="Polygon2.cpp">
      <Filter>General</Filter>
    </ClCompile>
    <ClCompile Include="GameCommon.cpp">
      <Filter>General</Filter>
    </ClCompile>
    <ClCompile Include="Map.cpp">
      <Filter>General</Filter>
    </ClCompile>
    <ClCompile Include="Tile.cpp">
      <Filter>General</Filter>
    </ClCompile>
    <ClCompile Include="PlayerTank.cpp">
      <Filter>General</Filter>
    </ClCompile>
    <ClCompile Include="TileDefination.cpp">
      <Filter>General</Filter>
    </ClCompile>
    <ClCompile Include="PlayerBullet.cpp">
      <Filter>General</Filter>
    </ClCompile>
    <ClCompile Include="EnemyTurret.cpp">
      <Filter>General</Filter>
    </ClCompile>
    <ClCompile Include="EnemyBullet.cpp">
      <Filter>General</Filter>
    </ClCompile>
    <ClCompile Include="EnemyTank.cpp">
      <Filter>General</Filter>
    </ClCompile>
    <ClCompile Include="Camera2D.cpp">
      <Filter>General</Filter>
    </ClCompile>
    <ClCompile Include="Explosion.cpp">
      <Filter>General</Filter>
    </ClCompile>
  </ItemGroup>
  <ItemGroup>
    <ClInclude Include="theGame.hpp">
      <Filter>General</Filter>
    </ClInclude>
    <ClInclude Include="Entity.hpp">
      <Filter>General</Filter>
    </ClInclude>
    <ClInclude Include="theApp.hpp">
      <Filter>General</Filter>
    </ClInclude>
    <ClInclude Include="Polygon2.hpp">
      <Filter>General</Filter>
    </ClInclude>
    <ClInclude Include="GameCommon.hpp">
      <Filter>General</Filter>
    </ClInclude>
    <ClInclude Include="Map.hpp">
      <Filter>General</Filter>
    </ClInclude>
    <ClInclude Include="Tile.hpp">
      <Filter>General</Filter>
    </ClInclude>
    <ClInclude Include="PlayerTank.hpp">
      <Filter>General</Filter>
    </ClInclude>
    <ClInclude Include="TileDefination.hpp">
      <Filter>General</Filter>
    </ClInclude>
    <ClInclude Include="PlayerBullet.hpp">
      <Filter>General</Filter>
    </ClInclude>
    <ClInclude Include="EnemyTurret.hpp">
      <Filter>General</Filter>
    </ClInclude>
    <ClInclude Include="EnemyBullet.hpp">
      <Filter>General</Filter>
    </ClInclude>
    <ClInclude Include="EnemyTank.hpp">
      <Filter>General</Filter>
    </ClInclude>
    <ClInclude Include="Camera2D.hpp">
      <Filter>General</Filter>
    </ClInclude>
    <ClInclude Include="Explosion.hpp">
      <Filter>General</Filter>
    </ClInclude>
    <ClInclude Include="EngineBuildPreferences.hpp">
      <Filter>General</Filter>
    </ClInclude>
  </ItemGroup>
</Project>