<?xml version="1.0" encoding="utf-8"?>
<Project ToolsVersion="4.0" xmlns="http://schemas.microsoft.com/developer/msbuild/2003">
  <ItemGroup>
    <Filter Include="Math">
      <UniqueIdentifier>{517ea10e-b573-45a4-a763-55ee69095ef5}</UniqueIdentifier>
    </Filter>
    <Filter Include="Core">
      <UniqueIdentifier>{c669237f-19d9-49d0-a624-da8f86f94756}</UniqueIdentifier>
    </Filter>
    <Filter Include="Renderer">
      <UniqueIdentifier>{24d2bd1d-780d-49fc-b487-e49145f74eda}</UniqueIdentifier>
    </Filter>
    <Filter Include="Input">
      <UniqueIdentifier>{c199ad8c-9d70-43a8-aa9f-e6bb85a69d2f}</UniqueIdentifier>
    </Filter>
    <Filter Include="ThirdParty">
      <UniqueIdentifier>{362cd47c-de50-4c67-a021-d94b7b2e5061}</UniqueIdentifier>
    </Filter>
    <Filter Include="Audio">
      <UniqueIdentifier>{4e4e1370-cd55-4369-bbf0-f4168b34295f}</UniqueIdentifier>
    </Filter>
    <Filter Include="External">
      <UniqueIdentifier>{5689041f-4132-4658-a899-f1e8dc870603}</UniqueIdentifier>
    </Filter>
    <Filter Include="File">
      <UniqueIdentifier>{ba237a41-c20a-4214-bf6e-311f38bdd5f0}</UniqueIdentifier>
    </Filter>
    <Filter Include="DebugRenderer">
      <UniqueIdentifier>{ec931067-74cc-464a-a747-f733259d9730}</UniqueIdentifier>
    </Filter>
    <Filter Include="Renderer\Components">
      <UniqueIdentifier>{794d8bd8-6ed4-49e4-a662-dfde78d1709e}</UniqueIdentifier>
    </Filter>
    <Filter Include="Renderer\Camera">
      <UniqueIdentifier>{7bcf30a1-4b1c-4743-a124-86266d05df65}</UniqueIdentifier>
    </Filter>
    <Filter Include="Renderer\Texture and Fonts">
      <UniqueIdentifier>{9221781d-7413-4176-b1a9-6c3f5d8c2c0d}</UniqueIdentifier>
    </Filter>
    <Filter Include="Renderer\Post Processing">
      <UniqueIdentifier>{080ec86a-3c33-481a-a10f-3dddd447dca1}</UniqueIdentifier>
    </Filter>
    <Filter Include="Renderer\Light">
      <UniqueIdentifier>{bc2da2ea-704d-4dd1-9e80-8b57d61ebc5f}</UniqueIdentifier>
    </Filter>
    <Filter Include="Renderer\Rendering Pipeline">
      <UniqueIdentifier>{59cdb8d0-e565-4e15-b8f1-f70e51e101df}</UniqueIdentifier>
    </Filter>
    <Filter Include="Profiler">
      <UniqueIdentifier>{c8785f69-4265-4c14-b759-139182ccefbf}</UniqueIdentifier>
    </Filter>
    <Filter Include="LogSystem">
      <UniqueIdentifier>{d1ac2fd2-bfb1-4ebd-9045-ad442178b345}</UniqueIdentifier>
    </Filter>
    <Filter Include="Network">
      <UniqueIdentifier>{f0e6767e-bcc8-488d-820b-d91a1d08a5b3}</UniqueIdentifier>
    </Filter>
    <Filter Include="Internal">
      <UniqueIdentifier>{74f38925-1ebc-48fd-806b-c35c698ce261}</UniqueIdentifier>
    </Filter>
  </ItemGroup>
  <ItemGroup>
    <ClCompile Include="Math\Vector2.cpp">
      <Filter>Math</Filter>
    </ClCompile>
    <ClCompile Include="Math\MathUtil.cpp">
      <Filter>Math</Filter>
    </ClCompile>
    <ClCompile Include="Math\Disc2.cpp">
      <Filter>Math</Filter>
    </ClCompile>
    <ClCompile Include="Math\AABB2.cpp">
      <Filter>Math</Filter>
    </ClCompile>
    <ClCompile Include="Core\Time.cpp">
      <Filter>Core</Filter>
    </ClCompile>
    <ClCompile Include="Core\Rgba.cpp">
      <Filter>Core</Filter>
    </ClCompile>
    <ClCompile Include="Renderer\Renderer.cpp">
      <Filter>Renderer</Filter>
    </ClCompile>
    <ClCompile Include="Input\KeyButtonState.cpp">
      <Filter>Input</Filter>
    </ClCompile>
    <ClCompile Include="Input\XboxController.cpp">
      <Filter>Input</Filter>
    </ClCompile>
    <ClCompile Include="Input\InputSystem.cpp">
      <Filter>Input</Filter>
    </ClCompile>
    <ClCompile Include="Math\IntVector2.cpp">
      <Filter>Math</Filter>
    </ClCompile>
    <ClCompile Include="..\ThirdParty\stb\stb_image.c">
      <Filter>ThirdParty</Filter>
    </ClCompile>
    <ClCompile Include="Audio\AudioSystem.cpp">
      <Filter>Audio</Filter>
    </ClCompile>
    <ClCompile Include="Core\ErrorWarningAssert.cpp">
      <Filter>Core</Filter>
    </ClCompile>
    <ClCompile Include="Core\StringUtils.cpp">
      <Filter>Core</Filter>
    </ClCompile>
    <ClCompile Include="Core\EngineCommon.hpp">
      <Filter>Core</Filter>
    </ClCompile>
    <ClCompile Include="Math\FloatRange.cpp">
      <Filter>Math</Filter>
    </ClCompile>
    <ClCompile Include="Math\IntRange.cpp">
      <Filter>Math</Filter>
    </ClCompile>
    <ClCompile Include="..\ThirdParty\tinyxml\tinyxml2.cpp">
      <Filter>ThirdParty</Filter>
    </ClCompile>
    <ClCompile Include="Core\XMLUtilities.cpp">
      <Filter>Core</Filter>
    </ClCompile>
    <ClCompile Include="Core\Blackboard.cpp">
      <Filter>Core</Filter>
    </ClCompile>
    <ClCompile Include="Core\EngineCommon.cpp">
      <Filter>Core</Filter>
    </ClCompile>
    <ClCompile Include="Core\Image.cpp">
      <Filter>Core</Filter>
    </ClCompile>
    <ClCompile Include="Math\Matrix44.cpp">
      <Filter>Math</Filter>
    </ClCompile>
    <ClCompile Include="Math\Vector3.cpp">
      <Filter>Math</Filter>
    </ClCompile>
    <ClCompile Include="Math\Polygon2.cpp">
      <Filter>Math</Filter>
    </ClCompile>
    <ClCompile Include="Core\Tags.cpp">
      <Filter>Core</Filter>
    </ClCompile>
    <ClCompile Include="Math\CubicSpline.cpp">
      <Filter>Math</Filter>
    </ClCompile>
    <ClCompile Include="Renderer\glfunctions.cpp">
      <Filter>Renderer</Filter>
    </ClCompile>
    <ClCompile Include="Core\Window.cpp">
      <Filter>Core</Filter>
    </ClCompile>
    <ClCompile Include="Input\Command.cpp">
      <Filter>Input</Filter>
    </ClCompile>
    <ClCompile Include="Core\DevConsole.cpp">
      <Filter>Core</Filter>
    </ClCompile>
    <ClCompile Include="Math\IntVector3.cpp">
      <Filter>Math</Filter>
    </ClCompile>
    <ClCompile Include="Core\MenuAction.cpp">
      <Filter>Core</Filter>
    </ClCompile>
    <ClCompile Include="Core\UIMenu.cpp">
      <Filter>Core</Filter>
    </ClCompile>
    <ClCompile Include="Math\Trajectory.cpp">
      <Filter>Math</Filter>
    </ClCompile>
    <ClCompile Include="Math\Transform.cpp">
      <Filter>Math</Filter>
    </ClCompile>
    <ClCompile Include="Core\Clock.cpp">
      <Filter>Core</Filter>
    </ClCompile>
    <ClCompile Include="DebugRenderer\DebugRenderer.cpp">
      <Filter>DebugRenderer</Filter>
    </ClCompile>
    <ClCompile Include="DebugRenderer\DebugRenderObject.cpp">
      <Filter>DebugRenderer</Filter>
    </ClCompile>
    <ClCompile Include="Renderer\VertexBuffer.cpp">
      <Filter>Renderer\Components</Filter>
    </ClCompile>
    <ClCompile Include="Renderer\FrameBuffer.cpp">
      <Filter>Renderer\Components</Filter>
    </ClCompile>
    <ClCompile Include="Renderer\IndexBuffer.cpp">
      <Filter>Renderer\Components</Filter>
    </ClCompile>
    <ClCompile Include="Renderer\Mesh.cpp">
      <Filter>Renderer\Components</Filter>
    </ClCompile>
    <ClCompile Include="Renderer\MeshBuilder.cpp">
      <Filter>Renderer\Components</Filter>
    </ClCompile>
    <ClCompile Include="Renderer\RenderBuffer.cpp">
      <Filter>Renderer\Components</Filter>
    </ClCompile>
    <ClCompile Include="Renderer\Camera.cpp">
      <Filter>Renderer\Camera</Filter>
    </ClCompile>
    <ClCompile Include="Renderer\OrbitCamera.cpp">
      <Filter>Renderer\Camera</Filter>
    </ClCompile>
    <ClCompile Include="Renderer\BitmapFont.cpp">
      <Filter>Renderer\Texture and Fonts</Filter>
    </ClCompile>
    <ClCompile Include="Renderer\Texture.cpp">
      <Filter>Renderer\Texture and Fonts</Filter>
    </ClCompile>
    <ClCompile Include="Renderer\SpriteSheet.cpp">
      <Filter>Renderer\Texture and Fonts</Filter>
    </ClCompile>
    <ClCompile Include="Renderer\Sampler.cpp">
      <Filter>Renderer\Post Processing</Filter>
    </ClCompile>
    <ClCompile Include="Renderer\ShaderProgram.cpp">
      <Filter>Renderer\Post Processing</Filter>
    </ClCompile>
    <ClCompile Include="Renderer\VertexLayout.cpp">
      <Filter>Renderer\Components</Filter>
    </ClCompile>
    <ClCompile Include="Core\Vertex.cpp">
      <Filter>Core</Filter>
    </ClCompile>
    <ClCompile Include="Renderer\Shader.cpp">
      <Filter>Renderer\Post Processing</Filter>
    </ClCompile>
    <ClCompile Include="Renderer\RenderTypes.cpp">
      <Filter>Renderer</Filter>
    </ClCompile>
    <ClCompile Include="Math\Vector4.cpp">
      <Filter>Math</Filter>
    </ClCompile>
    <ClCompile Include="Renderer\Light.cpp">
      <Filter>Renderer\Light</Filter>
    </ClCompile>
    <ClCompile Include="File\ModelLoader.cpp">
      <Filter>File</Filter>
    </ClCompile>
    <ClCompile Include="File\File.cpp">
      <Filter>File</Filter>
    </ClCompile>
    <ClCompile Include="Renderer\UniformBuffer.cpp">
      <Filter>Renderer\Components</Filter>
    </ClCompile>
    <ClCompile Include="Renderer\Material.cpp">
      <Filter>Renderer\Rendering Pipeline</Filter>
    </ClCompile>
    <ClCompile Include="Renderer\MaterialProperty.cpp">
      <Filter>Renderer\Rendering Pipeline</Filter>
    </ClCompile>
    <ClCompile Include="Renderer\Renderable.cpp">
      <Filter>Renderer\Rendering Pipeline</Filter>
    </ClCompile>
    <ClCompile Include="Renderer\ForwardRenderingPath.cpp">
      <Filter>Renderer\Rendering Pipeline</Filter>
    </ClCompile>
    <ClCompile Include="Renderer\Scene.cpp">
      <Filter>Renderer\Rendering Pipeline</Filter>
    </ClCompile>
    <ClCompile Include="Renderer\DrawCall.cpp">
      <Filter>Renderer\Rendering Pipeline</Filter>
    </ClCompile>
    <ClCompile Include="Renderer\TextureCube.cpp">
      <Filter>Renderer\Texture and Fonts</Filter>
    </ClCompile>
    <ClCompile Include="Renderer\PickBuffer.cpp">
      <Filter>Renderer\Components</Filter>
    </ClCompile>
    <ClCompile Include="Math\HeatMap2D.cpp">
      <Filter>Math</Filter>
    </ClCompile>
    <ClCompile Include="Math\HeatMap3D.cpp">
      <Filter>Math</Filter>
    </ClCompile>
    <ClCompile Include="Math\AABB3.cpp">
      <Filter>Math</Filter>
    </ClCompile>
    <ClCompile Include="Profiler\ProfileLogScoped.cpp">
      <Filter>Profiler</Filter>
    </ClCompile>
    <ClCompile Include="Profiler\Profiler.cpp">
      <Filter>Profiler</Filter>
    </ClCompile>
    <ClCompile Include="Profiler\ProfileScoped.cpp">
      <Filter>Profiler</Filter>
    </ClCompile>
    <ClCompile Include="Profiler\ProfilerReport.cpp">
      <Filter>Profiler</Filter>
    </ClCompile>
    <ClCompile Include="Profiler\ProfileReportEntry.cpp">
      <Filter>Profiler</Filter>
    </ClCompile>
    <ClCompile Include="Profiler\ProfilerConsole.cpp">
      <Filter>Profiler</Filter>
    </ClCompile>
    <ClCompile Include="Math\BarGraph.cpp">
      <Filter>Math</Filter>
    </ClCompile>
    <ClCompile Include="Math\DoubleRange.cpp">
      <Filter>Math</Filter>
    </ClCompile>
    <ClCompile Include="LogSystem\SpinLock.cpp">
      <Filter>LogSystem</Filter>
    </ClCompile>
    <ClCompile Include="LogSystem\LogSystem.cpp">
      <Filter>LogSystem</Filter>
    </ClCompile>
    <ClCompile Include="Network\NetworkAddress.cpp">
      <Filter>Network</Filter>
    </ClCompile>
    <ClCompile Include="Network\TCPSocket.cpp">
      <Filter>Network</Filter>
    </ClCompile>
    <ClCompile Include="Network\Network.cpp">
      <Filter>Network</Filter>
    </ClCompile>
    <ClCompile Include="Network\Endianness.cpp">
      <Filter>Network</Filter>
    </ClCompile>
    <ClCompile Include="Network\BytePacker.cpp">
      <Filter>Network</Filter>
    </ClCompile>
    <ClCompile Include="Math\Quaternions.cpp">
      <Filter>Math</Filter>
    </ClCompile>
  </ItemGroup>
  <ItemGroup>
    <ClInclude Include="Math\Vector2.hpp">
      <Filter>Math</Filter>
    </ClInclude>
    <ClInclude Include="Math\MathUtil.hpp">
      <Filter>Math</Filter>
    </ClInclude>
    <ClInclude Include="Math\Disc2.hpp">
      <Filter>Math</Filter>
    </ClInclude>
    <ClInclude Include="Math\AABB2.hpp">
      <Filter>Math</Filter>
    </ClInclude>
    <ClInclude Include="Core\Time.hpp">
      <Filter>Core</Filter>
    </ClInclude>
    <ClInclude Include="Core\Rgba.hpp">
      <Filter>Core</Filter>
    </ClInclude>
    <ClInclude Include="Renderer\Renderer.hpp">
      <Filter>Renderer</Filter>
    </ClInclude>
    <ClInclude Include="Input\KeyButtonState.hpp">
      <Filter>Input</Filter>
    </ClInclude>
    <ClInclude Include="Input\XboxController.hpp">
      <Filter>Input</Filter>
    </ClInclude>
    <ClInclude Include="Input\InputSystem.hpp">
      <Filter>Input</Filter>
    </ClInclude>
    <ClInclude Include="Math\IntVector2.hpp">
      <Filter>Math</Filter>
    </ClInclude>
    <ClInclude Include="..\ThirdParty\stb\stb_image.h">
      <Filter>ThirdParty</Filter>
    </ClInclude>
    <ClInclude Include="Audio\AudioSystem.hpp">
      <Filter>Audio</Filter>
    </ClInclude>
    <ClInclude Include="..\ThirdParty\fmod\fmod.h">
      <Filter>Audio</Filter>
    </ClInclude>
    <ClInclude Include="..\ThirdParty\fmod\fmod.hpp">
      <Filter>Audio</Filter>
    </ClInclude>
    <ClInclude Include="..\ThirdParty\fmod\fmod_codec.h">
      <Filter>Audio</Filter>
    </ClInclude>
    <ClInclude Include="..\ThirdParty\fmod\fmod_common.h">
      <Filter>Audio</Filter>
    </ClInclude>
    <ClInclude Include="..\ThirdParty\fmod\fmod_dsp.h">
      <Filter>Audio</Filter>
    </ClInclude>
    <ClInclude Include="..\ThirdParty\fmod\fmod_dsp_effects.h">
      <Filter>Audio</Filter>
    </ClInclude>
    <ClInclude Include="..\ThirdParty\fmod\fmod_errors.h">
      <Filter>Audio</Filter>
    </ClInclude>
    <ClInclude Include="..\ThirdParty\fmod\fmod_output.h">
      <Filter>Audio</Filter>
    </ClInclude>
    <ClInclude Include="Core\ErrorWarningAssert.hpp">
      <Filter>Core</Filter>
    </ClInclude>
    <ClInclude Include="Core\StringUtils.hpp">
      <Filter>Core</Filter>
    </ClInclude>
    <ClInclude Include="Math\FloatRange.hpp">
      <Filter>Math</Filter>
    </ClInclude>
    <ClInclude Include="Math\IntRange.hpp">
      <Filter>Math</Filter>
    </ClInclude>
    <ClInclude Include="..\ThirdParty\tinyxml\tinyxml2.h">
      <Filter>ThirdParty</Filter>
    </ClInclude>
    <ClInclude Include="Core\XMLUtilities.hpp">
      <Filter>Core</Filter>
    </ClInclude>
    <ClInclude Include="Core\Blackboard.hpp">
      <Filter>Core</Filter>
    </ClInclude>
    <ClInclude Include="Core\Image.hpp">
      <Filter>Core</Filter>
    </ClInclude>
    <ClInclude Include="Math\Matrix44.hpp">
      <Filter>Math</Filter>
    </ClInclude>
    <ClInclude Include="Math\Vector3.hpp">
      <Filter>Math</Filter>
    </ClInclude>
    <ClInclude Include="Core\Vertex.hpp">
      <Filter>Core</Filter>
    </ClInclude>
    <ClInclude Include="Math\Polygon2.hpp">
      <Filter>Math</Filter>
    </ClInclude>
    <ClInclude Include="Core\Tags.hpp">
      <Filter>Core</Filter>
    </ClInclude>
    <ClInclude Include="Math\CubicSpline.hpp">
      <Filter>Math</Filter>
    </ClInclude>
    <ClInclude Include="Renderer\External\glcorearb.h">
      <Filter>External</Filter>
    </ClInclude>
    <ClInclude Include="Renderer\External\glext.h">
      <Filter>External</Filter>
    </ClInclude>
    <ClInclude Include="Renderer\External\wglext.h">
      <Filter>External</Filter>
    </ClInclude>
    <ClInclude Include="Renderer\glfunctions.hpp">
      <Filter>Renderer</Filter>
    </ClInclude>
    <ClInclude Include="File\File.hpp">
      <Filter>File</Filter>
    </ClInclude>
    <ClInclude Include="Core\Window.hpp">
      <Filter>Core</Filter>
    </ClInclude>
    <ClInclude Include="Input\Command.hpp">
      <Filter>Input</Filter>
    </ClInclude>
    <ClInclude Include="Core\DevConsole.hpp">
      <Filter>Core</Filter>
    </ClInclude>
    <ClInclude Include="Math\IntVector3.hpp">
      <Filter>Math</Filter>
    </ClInclude>
    <ClInclude Include="Core\MenuAction.hpp">
      <Filter>Core</Filter>
    </ClInclude>
    <ClInclude Include="Core\UIMenu.hpp">
      <Filter>Core</Filter>
    </ClInclude>
    <ClInclude Include="Math\Trajectory.hpp">
      <Filter>Math</Filter>
    </ClInclude>
    <ClInclude Include="Math\Transform.hpp">
      <Filter>Math</Filter>
    </ClInclude>
    <ClInclude Include="Core\Clock.hpp">
      <Filter>Core</Filter>
    </ClInclude>
    <ClInclude Include="DebugRenderer\DebugRenderer.hpp">
      <Filter>DebugRenderer</Filter>
    </ClInclude>
    <ClInclude Include="DebugRenderer\DebugRenderObject.hpp">
      <Filter>DebugRenderer</Filter>
    </ClInclude>
    <ClInclude Include="Renderer\VertexBuffer.hpp">
      <Filter>Renderer\Components</Filter>
    </ClInclude>
    <ClInclude Include="Renderer\FrameBuffer.hpp">
      <Filter>Renderer\Components</Filter>
    </ClInclude>
    <ClInclude Include="Renderer\IndexBuffer.hpp">
      <Filter>Renderer\Components</Filter>
    </ClInclude>
    <ClInclude Include="Renderer\Mesh.hpp">
      <Filter>Renderer\Components</Filter>
    </ClInclude>
    <ClInclude Include="Renderer\MeshBuilder.hpp">
      <Filter>Renderer\Components</Filter>
    </ClInclude>
    <ClInclude Include="Renderer\RenderBuffer.hpp">
      <Filter>Renderer\Components</Filter>
    </ClInclude>
    <ClInclude Include="Renderer\Camera.hpp">
      <Filter>Renderer\Camera</Filter>
    </ClInclude>
    <ClInclude Include="Renderer\OrbitCamera.hpp">
      <Filter>Renderer\Camera</Filter>
    </ClInclude>
    <ClInclude Include="Renderer\BitmapFont.hpp">
      <Filter>Renderer\Texture and Fonts</Filter>
    </ClInclude>
    <ClInclude Include="Renderer\Texture.hpp">
      <Filter>Renderer\Texture and Fonts</Filter>
    </ClInclude>
    <ClInclude Include="Renderer\SpriteSheet.hpp">
      <Filter>Renderer\Texture and Fonts</Filter>
    </ClInclude>
    <ClInclude Include="Renderer\ShaderProgram.hpp">
      <Filter>Renderer\Post Processing</Filter>
    </ClInclude>
    <ClInclude Include="Renderer\Sampler.hpp">
      <Filter>Renderer\Post Processing</Filter>
    </ClInclude>
    <ClInclude Include="Renderer\VertexLayout.hpp">
      <Filter>Renderer\Components</Filter>
    </ClInclude>
    <ClInclude Include="Renderer\Shader.hpp">
      <Filter>Renderer\Post Processing</Filter>
    </ClInclude>
    <ClInclude Include="Renderer\RenderTypes.hpp">
      <Filter>Renderer</Filter>
    </ClInclude>
    <ClInclude Include="Math\Vector4.hpp">
      <Filter>Math</Filter>
    </ClInclude>
    <ClInclude Include="Renderer\Light.hpp">
      <Filter>Renderer\Light</Filter>
    </ClInclude>
    <ClInclude Include="File\ModelLoader.hpp">
      <Filter>File</Filter>
    </ClInclude>
    <ClInclude Include="Renderer\UniformBuffer.hpp">
      <Filter>Renderer\Components</Filter>
    </ClInclude>
    <ClInclude Include="Renderer\MaterialProperty.hpp">
      <Filter>Renderer\Rendering Pipeline</Filter>
    </ClInclude>
    <ClInclude Include="Renderer\Material.hpp">
      <Filter>Renderer\Rendering Pipeline</Filter>
    </ClInclude>
    <ClInclude Include="Renderer\Renderable.hpp">
      <Filter>Renderer\Rendering Pipeline</Filter>
    </ClInclude>
    <ClInclude Include="Renderer\ForwardRenderingPath.hpp">
      <Filter>Renderer\Rendering Pipeline</Filter>
    </ClInclude>
    <ClInclude Include="Renderer\Scene.hpp">
      <Filter>Renderer\Rendering Pipeline</Filter>
    </ClInclude>
    <ClInclude Include="Renderer\DrawCall.hpp">
      <Filter>Renderer\Rendering Pipeline</Filter>
    </ClInclude>
    <ClInclude Include="Renderer\TextureCube.hpp">
      <Filter>Renderer\Texture and Fonts</Filter>
    </ClInclude>
    <ClInclude Include="Renderer\PickBuffer.hpp">
      <Filter>Renderer\Components</Filter>
    </ClInclude>
    <ClInclude Include="Math\HeatMap2D.hpp">
      <Filter>Math</Filter>
    </ClInclude>
    <ClInclude Include="Math\HeatMap3D.hpp">
      <Filter>Math</Filter>
    </ClInclude>
    <ClInclude Include="Math\AABB3.hpp">
      <Filter>Math</Filter>
    </ClInclude>
    <ClInclude Include="Profiler\ProfileLogScoped.hpp">
      <Filter>Profiler</Filter>
    </ClInclude>
    <ClInclude Include="Profiler\Profiler.hpp">
      <Filter>Profiler</Filter>
    </ClInclude>
    <ClInclude Include="Profiler\ProfileScoped.hpp">
      <Filter>Profiler</Filter>
    </ClInclude>
    <ClInclude Include="Profiler\ProfilerReport.hpp">
      <Filter>Profiler</Filter>
    </ClInclude>
    <ClInclude Include="Profiler\ProfileReportEntry.hpp">
      <Filter>Profiler</Filter>
    </ClInclude>
    <ClInclude Include="Profiler\ProfilerConsole.hpp">
      <Filter>Profiler</Filter>
    </ClInclude>
    <ClInclude Include="Math\BarGraph.hpp">
      <Filter>Math</Filter>
    </ClInclude>
    <ClInclude Include="Math\DoubleRange.hpp">
      <Filter>Math</Filter>
    </ClInclude>
    <ClInclude Include="LogSystem\ThreadSafeQueue.hpp">
      <Filter>LogSystem</Filter>
    </ClInclude>
    <ClInclude Include="LogSystem\SpinLock.hpp">
      <Filter>LogSystem</Filter>
    </ClInclude>
    <ClInclude Include="LogSystem\LogSystem.hpp">
      <Filter>LogSystem</Filter>
    </ClInclude>
    <ClInclude Include="LogSystem\ThreadSafeVector.hpp">
      <Filter>LogSystem</Filter>
    </ClInclude>
    <ClInclude Include="Network\Network.hpp">
      <Filter>Network</Filter>
    </ClInclude>
    <ClInclude Include="Internal\WindowsCommon.hpp">
      <Filter>Internal</Filter>
    </ClInclude>
    <ClInclude Include="Network\NetworkAddress.hpp">
      <Filter>Network</Filter>
    </ClInclude>
    <ClInclude Include="Network\TCPSocket.hpp">
      <Filter>Network</Filter>
    </ClInclude>
    <ClInclude Include="Network\Endianness.hpp">
      <Filter>Network</Filter>
    </ClInclude>
    <ClInclude Include="Network\BytePacker.hpp">
      <Filter>Network</Filter>
    </ClInclude>
    <ClInclude Include="Math\Quaternions.hpp">
      <Filter>Math</Filter>
    </ClInclude>
  </ItemGroup>
</Project>